
Microsoft Visual Studio Solution File, Format Version 12.00
# Visual Studio 15
VisualStudioVersion = 15.0.28010.2036
MinimumVisualStudioVersion = 10.0.40219.1
Project("{FAE04EC0-301F-11D3-BF4B-00C04F79EFBC}") = "DmShop.UI", "DmShop.UI\DmShop.UI.csproj", "{6F8EE8B6-8ADF-4464-914D-88806C8ECBF9}"
EndProject
Project("{FAE04EC0-301F-11D3-BF4B-00C04F79EFBC}") = "DmShop.Definition", "DmShop.Definition\DmShop.Definition.csproj", "{15FF550B-F877-4395-9FA3-7C9B1D124ADB}"
EndProject
Global
	GlobalSection(SolutionConfigurationPlatforms) = preSolution
		Debug|Any CPU = Debug|Any CPU
		Release|Any CPU = Release|Any CPU
	EndGlobalSection
	GlobalSection(ProjectConfigurationPlatforms) = postSolution
		{6F8EE8B6-8ADF-4464-914D-88806C8ECBF9}.Debug|Any CPU.ActiveCfg = Debug|Any CPU
		{6F8EE8B6-8ADF-4464-914D-88806C8ECBF9}.Debug|Any CPU.Build.0 = Debug|Any CPU
		{6F8EE8B6-8ADF-4464-914D-88806C8ECBF9}.Release|Any CPU.ActiveCfg = Release|Any CPU
		{6F8EE8B6-8ADF-4464-914D-88806C8ECBF9}.Release|Any CPU.Build.0 = Release|Any CPU
		{15FF550B-F877-4395-9FA3-7C9B1D124ADB}.Debug|Any CPU.ActiveCfg = Debug|Any CPU
		{15FF550B-F877-4395-9FA3-7C9B1D124ADB}.Debug|Any CPU.Build.0 = Debug|Any CPU
		{15FF550B-F877-4395-9FA3-7C9B1D124ADB}.Release|Any CPU.ActiveCfg = Release|Any CPU
		{15FF550B-F877-4395-9FA3-7C9B1D124ADB}.Release|Any CPU.Build.0 = Release|Any CPU
	EndGlobalSection
	GlobalSection(SolutionProperties) = preSolution
		HideSolutionNode = FALSE
	EndGlobalSection
	GlobalSection(ExtensibilityGlobals) = postSolution
		SolutionGuid = {D0B3B9D4-2158-498B-AF34-AB250E53B1EA}
	EndGlobalSection
EndGlobal
